
Microsoft Visual Studio Solution File, Format Version 12.00
# Visual Studio Version 17
VisualStudioVersion = 17.11.35312.102
MinimumVisualStudioVersion = 10.0.40219.1
Project("{FAE04EC0-301F-11D3-BF4B-00C04F79EFBC}") = "api", "api.csproj", "{D8810F26-A2FF-4F72-A4EA-D511B421CC29}"
EndProject
Global
	GlobalSection(SolutionConfigurationPlatforms) = preSolution
		Debug|Any CPU = Debug|Any CPU
		Release|Any CPU = Release|Any CPU
	EndGlobalSection
	GlobalSection(ProjectConfigurationPlatforms) = postSolution
		{D8810F26-A2FF-4F72-A4EA-D511B421CC29}.Debug|Any CPU.ActiveCfg = Debug|Any CPU
		{D8810F26-A2FF-4F72-A4EA-D511B421CC29}.Debug|Any CPU.Build.0 = Debug|Any CPU
		{D8810F26-A2FF-4F72-A4EA-D511B421CC29}.Release|Any CPU.ActiveCfg = Release|Any CPU
		{D8810F26-A2FF-4F72-A4EA-D511B421CC29}.Release|Any CPU.Build.0 = Release|Any CPU
	EndGlobalSection
	GlobalSection(SolutionProperties) = preSolution
		HideSolutionNode = FALSE
	EndGlobalSection
	GlobalSection(ExtensibilityGlobals) = postSolution
		SolutionGuid = {E7F14E22-AD02-4E3C-B06E-5EBAF5815586}
	EndGlobalSection
EndGlobal
